
Microsoft Visual Studio Solution File, Format Version 12.00
# Visual Studio Version 17
VisualStudioVersion = 17.6.33829.357
MinimumVisualStudioVersion = 10.0.40219.1
Project("{FAE04EC0-301F-11D3-BF4B-00C04F79EFBC}") = "AbstractClassDemo", "AbstractClassDemo\AbstractClassDemo.csproj", "{B931E538-1439-4B2F-B010-9D0872165B0B}"
EndProject
Global
	GlobalSection(SolutionConfigurationPlatforms) = preSolution
		Debug|Any CPU = Debug|Any CPU
		Release|Any CPU = Release|Any CPU
	EndGlobalSection
	GlobalSection(ProjectConfigurationPlatforms) = postSolution
		{B931E538-1439-4B2F-B010-9D0872165B0B}.Debug|Any CPU.ActiveCfg = Debug|Any CPU
		{B931E538-1439-4B2F-B010-9D0872165B0B}.Debug|Any CPU.Build.0 = Debug|Any CPU
		{B931E538-1439-4B2F-B010-9D0872165B0B}.Release|Any CPU.ActiveCfg = Release|Any CPU
		{B931E538-1439-4B2F-B010-9D0872165B0B}.Release|Any CPU.Build.0 = Release|Any CPU
	EndGlobalSection
	GlobalSection(SolutionProperties) = preSolution
		HideSolutionNode = FALSE
	EndGlobalSection
	GlobalSection(ExtensibilityGlobals) = postSolution
		SolutionGuid = {9C77DE00-F2F6-4D21-8586-3C1FCF478AE2}
	EndGlobalSection
EndGlobal
