
Microsoft Visual Studio Solution File, Format Version 12.00
# Visual Studio Version 17
VisualStudioVersion = 17.6.33829.357
MinimumVisualStudioVersion = 10.0.40219.1
Project("{FAE04EC0-301F-11D3-BF4B-00C04F79EFBC}") = "DeadlyDiamondDemo2", "DeadlyDiamondDemo2\DeadlyDiamondDemo2.csproj", "{BC424F1A-9EB7-4569-9875-755BE3A611E6}"
EndProject
Global
	GlobalSection(SolutionConfigurationPlatforms) = preSolution
		Debug|Any CPU = Debug|Any CPU
		Release|Any CPU = Release|Any CPU
	EndGlobalSection
	GlobalSection(ProjectConfigurationPlatforms) = postSolution
		{BC424F1A-9EB7-4569-9875-755BE3A611E6}.Debug|Any CPU.ActiveCfg = Debug|Any CPU
		{BC424F1A-9EB7-4569-9875-755BE3A611E6}.Debug|Any CPU.Build.0 = Debug|Any CPU
		{BC424F1A-9EB7-4569-9875-755BE3A611E6}.Release|Any CPU.ActiveCfg = Release|Any CPU
		{BC424F1A-9EB7-4569-9875-755BE3A611E6}.Release|Any CPU.Build.0 = Release|Any CPU
	EndGlobalSection
	GlobalSection(SolutionProperties) = preSolution
		HideSolutionNode = FALSE
	EndGlobalSection
	GlobalSection(ExtensibilityGlobals) = postSolution
		SolutionGuid = {34146257-EB09-4702-BFA0-1EC6E74ED3F8}
	EndGlobalSection
EndGlobal
