
Microsoft Visual Studio Solution File, Format Version 12.00
# Visual Studio Version 17
VisualStudioVersion = 17.6.33829.357
MinimumVisualStudioVersion = 10.0.40219.1
Project("{FAE04EC0-301F-11D3-BF4B-00C04F79EFBC}") = "InterfaceDemo", "InterfaceDemo\InterfaceDemo.csproj", "{647E6666-348D-45E7-86C8-96B894D5ECEF}"
EndProject
Global
	GlobalSection(SolutionConfigurationPlatforms) = preSolution
		Debug|Any CPU = Debug|Any CPU
		Release|Any CPU = Release|Any CPU
	EndGlobalSection
	GlobalSection(ProjectConfigurationPlatforms) = postSolution
		{647E6666-348D-45E7-86C8-96B894D5ECEF}.Debug|Any CPU.ActiveCfg = Debug|Any CPU
		{647E6666-348D-45E7-86C8-96B894D5ECEF}.Debug|Any CPU.Build.0 = Debug|Any CPU
		{647E6666-348D-45E7-86C8-96B894D5ECEF}.Release|Any CPU.ActiveCfg = Release|Any CPU
		{647E6666-348D-45E7-86C8-96B894D5ECEF}.Release|Any CPU.Build.0 = Release|Any CPU
	EndGlobalSection
	GlobalSection(SolutionProperties) = preSolution
		HideSolutionNode = FALSE
	EndGlobalSection
	GlobalSection(ExtensibilityGlobals) = postSolution
		SolutionGuid = {F5CCC515-643B-44CB-8B4B-61BED6C0E9EC}
	EndGlobalSection
EndGlobal
