
Microsoft Visual Studio Solution File, Format Version 12.00
# Visual Studio Version 17
VisualStudioVersion = 17.6.33829.357
MinimumVisualStudioVersion = 10.0.40219.1
Project("{FAE04EC0-301F-11D3-BF4B-00C04F79EFBC}") = "StudentProffessorDemo", "StudentProffessorDemo\StudentProffessorDemo.csproj", "{28BDAF49-1A70-4A02-BDC5-87A5344C2785}"
EndProject
Global
	GlobalSection(SolutionConfigurationPlatforms) = preSolution
		Debug|Any CPU = Debug|Any CPU
		Release|Any CPU = Release|Any CPU
	EndGlobalSection
	GlobalSection(ProjectConfigurationPlatforms) = postSolution
		{28BDAF49-1A70-4A02-BDC5-87A5344C2785}.Debug|Any CPU.ActiveCfg = Debug|Any CPU
		{28BDAF49-1A70-4A02-BDC5-87A5344C2785}.Debug|Any CPU.Build.0 = Debug|Any CPU
		{28BDAF49-1A70-4A02-BDC5-87A5344C2785}.Release|Any CPU.ActiveCfg = Release|Any CPU
		{28BDAF49-1A70-4A02-BDC5-87A5344C2785}.Release|Any CPU.Build.0 = Release|Any CPU
	EndGlobalSection
	GlobalSection(SolutionProperties) = preSolution
		HideSolutionNode = FALSE
	EndGlobalSection
	GlobalSection(ExtensibilityGlobals) = postSolution
		SolutionGuid = {8647C759-C03D-4E70-9118-A5F29A182E85}
	EndGlobalSection
EndGlobal
